# This file is automatically @generated by Cargo.
# It is not intended for manual editing.
version = 4

[[package]]
name = "application-runtime"
version = "0.1.0"
dependencies = [
 "candle-backend",
]

[[package]]
name = "candle-backend"
version = "0.1.0"
dependencies = [
 "candle-core",
 "candle-nn",
 "candle-transformers",
 "cudarc",
]

[[package]]
name = "candle-core"
version = "0.1.0"

[[package]]
name = "candle-nn"
version = "0.1.0"

[[package]]
name = "candle-transformers"
version = "0.1.0"

[[package]]
name = "cudarc"
version = "0.1.0"

[[package]]
name = "desktop-slint"
version = "0.1.0"
dependencies = [
 "application-runtime",
]

[[package]]
name = "inference-runtime"
version = "0.1.0"
dependencies = [
 "candle-backend",
]
